{
  "name": "@mediabubble-adv/arabic-skill",
  "version": "1.2.0",
  "lockfileVersion": 3,
  "requires": true,
  "packages": {
    "": {
      "name": "@mediabubble-adv/arabic-skill",
      "version": "1.2.0",
      "license": "MIT",
      "bin": {
        "arabic-skill": "bin/arabic-skill.js"
      },
      "engines": {
        "node": ">=18"
      }
    }
  }
}
